// !$*UTF8*$!
{
	archiveVersion = 1;
	classes = {
	};
	objectVersion = 46;
	objects = {

/* Begin PBXBuildFile section */
		48B3CDD41C17EDEF00B28EEC /* main.m in Sources */ = {isa = PBXBuildFile; fileRef = 48B3CDD31C17EDEF00B28EEC /* main.m */; };
		48B3CDD71C17EDEF00B28EEC /* AppDelegate.m in Sources */ = {isa = PBXBuildFile; fileRef = 48B3CDD61C17EDEF00B28EEC /* AppDelegate.m */; };
		48B3CDDA1C17EDEF00B28EEC /* ViewController.m in Sources */ = {isa = PBXBuildFile; fileRef = 48B3CDD91C17EDEF00B28EEC /* ViewController.m */; };
		48B3CDDD1C17EDF000B28EEC /* Main.storyboard in Resources */ = {isa = PBXBuildFile; fileRef = 48B3CDDB1C17EDF000B28EEC /* Main.storyboard */; };
		48B3CDDF1C17EDF000B28EEC /* Images.xcassets in Resources */ = {isa = PBXBuildFile; fileRef = 48B3CDDE1C17EDF000B28EEC /* Images.xcassets */; };
		48B3CDE21C17EDF000B28EEC /* LaunchScreen.xib in Resources */ = {isa = PBXBuildFile; fileRef = 48B3CDE01C17EDF000B28EEC /* LaunchScreen.xib */; };
		48B3CDEE1C17EDF000B28EEC /* shujukuTests.m in Sources */ = {isa = PBXBuildFile; fileRef = 48B3CDED1C17EDF000B28EEC /* shujukuTests.m */; };
		48B3CDF81C17EE2100B28EEC /* libsqlite3.dylib in Frameworks */ = {isa = PBXBuildFile; fileRef = 48B3CDF71C17EE2100B28EEC /* libsqlite3.dylib */; };
/* End PBXBuildFile section */

/* Begin PBXContainerItemProxy section */
		48B3CDE81C17EDF000B28EEC /* PBXContainerItemProxy */ = {
			isa = PBXContainerItemProxy;
			containerPortal = 48B3CDC61C17EDEF00B28EEC /* Project object */;
			proxyType = 1;
			remoteGlobalIDString = 48B3CDCD1C17EDEF00B28EEC;
			remoteInfo = shujuku;
		};
/* End PBXContainerItemProxy section */

/* Begin PBXFileReference section */
		48B3CDCE1C17EDEF00B28EEC /* shujuku.app */ = {isa = PBXFileReference; explicitFileType = wrapper.application; includeInIndex = 0; path = shujuku.app; sourceTree = BUILT_PRODUCTS_DIR; };
		48B3CDD21C17EDEF00B28EEC /* Info.plist */ = {isa = PBXFileReference; lastKnownFileType = text.plist.xml; path = Info.plist; sourceTree = "<group>"; };
		48B3CDD31C17EDEF00B28EEC /* main.m */ = {isa = PBXFileReference; lastKnownFileType = sourcecode.c.objc; path = main.m; sourceTree = "<group>"; };
		48B3CDD51C17EDEF00B28EEC /* AppDelegate.h */ = {isa = PBXFileReference; lastKnownFileType = sourcecode.c.h; path = AppDelegate.h; sourceTree = "<group>"; };
		48B3CDD61C17EDEF00B28EEC /* AppDelegate.m */ = {isa = PBXFileReference; lastKnownFileType = sourcecode.c.objc; path = AppDelegate.m; sourceTree = "<group>"; };
		48B3CDD81C17EDEF00B28EEC /* ViewController.h */ = {isa = PBXFileReference; lastKnownFileType = sourcecode.c.h; path = ViewController.h; sourceTree = "<group>"; };
		48B3CDD91C17EDEF00B28EEC /* ViewController.m */ = {isa = PBXFileReference; lastKnownFileType = sourcecode.c.objc; path = ViewController.m; sourceTree = "<group>"; };
		48B3CDDC1C17EDF000B28EEC /* Base */ = {isa = PBXFileReference; lastKnownFileType = file.storyboard; name = Base; path = Base.lproj/Main.storyboard; sourceTree = "<group>"; };
		48B3CDDE1C17EDF000B28EEC /* Images.xcassets */ = {isa = PBXFileReference; lastKnownFileType = folder.assetcatalog; path = Images.xcassets; sourceTree = "<group>"; };
		48B3CDE11C17EDF000B28EEC /* Base */ = {isa = PBXFileReference; lastKnownFileType = file.xib; name = Base; path = Base.lproj/LaunchScreen.xib; sourceTree = "<group>"; };
		48B3CDE71C17EDF000B28EEC /* shujukuTests.xctest */ = {isa = PBXFileReference; explicitFileType = wrapper.cfbundle; includeInIndex = 0; path = shujukuTests.xctest; sourceTree = BUILT_PRODUCTS_DIR; };
		48B3CDEC1C17EDF000B28EEC /* Info.plist */ = {isa = PBXFileReference; lastKnownFileType = text.plist.xml; path = Info.plist; sourceTree = "<group>"; };
		48B3CDED1C17EDF000B28EEC /* shujukuTests.m */ = {isa = PBXFileReference; lastKnownFileType = sourcecode.c.objc; path = shujukuTests.m; sourceTree = "<group>"; };
		48B3CDF71C17EE2100B28EEC /* libsqlite3.dylib */ = {isa = PBXFileReference; lastKnownFileType = "compiled.mach-o.dylib"; name = libsqlite3.dylib; path = usr/lib/libsqlite3.dylib; sourceTree = SDKROOT; };
/* End PBXFileReference section */

/* Begin PBXFrameworksBuildPhase section */
		48B3CDCB1C17EDEF00B28EEC /* Frameworks */ = {
			isa = PBXFrameworksBuildPhase;
			buildActionMask = 2147483647;
			files = (
				48B3CDF81C17EE2100B28EEC /* libsqlite3.dylib in Frameworks */,
			);
			runOnlyForDeploymentPostprocessing = 0;
		};
		48B3CDE41C17EDF000B28EEC /* Frameworks */ = {
			isa = PBXFrameworksBuildPhase;
			buildActionMask = 2147483647;
			files = (
			);
			runOnlyForDeploymentPostprocessing = 0;
		};
/* End PBXFrameworksBuildPhase section */

/* Begin PBXGroup section */
		48B3CDC51C17EDEF00B28EEC = {
			isa = PBXGroup;
			children = (
				48B3CDF71C17EE2100B28EEC /* libsqlite3.dylib */,
				48B3CDD01C17EDEF00B28EEC /* shujuku */,
				48B3CDEA1C17EDF000B28EEC /* shujukuTests */,
				48B3CDCF1C17EDEF00B28EEC /* Products */,
			);
			sourceTree = "<group>";
		};
		48B3CDCF1C17EDEF00B28EEC /* Products */ = {
			isa = PBXGroup;
			children = (
				48B3CDCE1C17EDEF00B28EEC /* shujuku.app */,
				48B3CDE71C17EDF000B28EEC /* shujukuTests.xctest */,
			);
			name = Products;
			sourceTree = "<group>";
		};
		48B3CDD01C17EDEF00B28EEC /* shujuku */ = {
			isa = PBXGroup;
			children = (
				48B3CDD51C17EDEF00B28EEC /* AppDelegate.h */,
				48B3CDD61C17EDEF00B28EEC /* AppDelegate.m */,
				48B3CDD81C17EDEF00B28EEC /* ViewController.h */,
				48B3CDD91C17EDEF00B28EEC /* ViewController.m */,
				48B3CDDB1C17EDF000B28EEC /* Main.storyboard */,
				48B3CDDE1C17EDF000B28EEC /* Images.xcassets */,
				48B3CDE01C17EDF000B28EEC /* LaunchScreen.xib */,
				48B3CDD11C17EDEF00B28EEC /* Supporting Files */,
			);
			path = shujuku;
			sourceTree = "<group>";
		};
		48B3CDD11C17EDEF00B28EEC /* Supporting Files */ = {
			isa = PBXGroup;
			children = (
				48B3CDD21C17EDEF00B28EEC /* Info.plist */,
				48B3CDD31C17EDEF00B28EEC /* main.m */,
			);
			name = "Supporting Files";
			sourceTree = "<group>";
		};
		48B3CDEA1C17EDF000B28EEC /* shujukuTests */ = {
			isa = PBXGroup;
			children = (
				48B3CDED1C17EDF000B28EEC /* shujukuTests.m */,
				48B3CDEB1C17EDF000B28EEC /* Supporting Files */,
			);
			path = shujukuTests;
			sourceTree = "<group>";
		};
		48B3CDEB1C17EDF000B28EEC /* Supporting Files */ = {
			isa = PBXGroup;
			children = (
				48B3CDEC1C17EDF000B28EEC /* Info.plist */,
			);
			name = "Supporting Files";
			sourceTree = "<group>";
		};
/* End PBXGroup section */

/* Begin PBXNativeTarget section */
		48B3CDCD1C17EDEF00B28EEC /* shujuku */ = {
			isa = PBXNativeTarget;
			buildConfigurationList = 48B3CDF11C17EDF000B28EEC /* Build configuration list for PBXNativeTarget "shujuku" */;
			buildPhases = (
				48B3CDCA1C17EDEF00B28EEC /* Sources */,
				48B3CDCB1C17EDEF00B28EEC /* Frameworks */,
				48B3CDCC1C17EDEF00B28EEC /* Resources */,
			);
			buildRules = (
			);
			dependencies = (
			);
			name = shujuku;
			productName = shujuku;
			productReference = 48B3CDCE1C17EDEF00B28EEC /* shujuku.app */;
			productType = "com.apple.product-type.application";
		};
		48B3CDE61C17EDF000B28EEC /* shujukuTests */ = {
			isa = PBXNativeTarget;
			buildConfigurationList = 48B3CDF41C17EDF000B28EEC /* Build configuration list for PBXNativeTarget "shujukuTests" */;
			buildPhases = (
				48B3CDE31C17EDF000B28EEC /* Sources */,
				48B3CDE41C17EDF000B28EEC /* Frameworks */,
				48B3CDE51C17EDF000B28EEC /* Resources */,
			);
			buildRules = (
			);
			dependencies = (
				48B3CDE91C17EDF000B28EEC /* PBXTargetDependency */,
			);
			name = shujukuTests;
			productName = shujukuTests;
			productReference = 48B3CDE71C17EDF000B28EEC /* shujukuTests.xctest */;
			productType = "com.apple.product-type.bundle.unit-test";
		};
/* End PBXNativeTarget section */

/* Begin PBXProject section */
		48B3CDC61C17EDEF00B28EEC /* Project object */ = {
			isa = PBXProject;
			attributes = {
				LastUpgradeCheck = 0640;
				ORGANIZATIONNAME = zhanglf;
				TargetAttributes = {
					48B3CDCD1C17EDEF00B28EEC = {
						CreatedOnToolsVersion = 6.4;
					};
					48B3CDE61C17EDF000B28EEC = {
						CreatedOnToolsVersion = 6.4;
						TestTargetID = 48B3CDCD1C17EDEF00B28EEC;
					};
				};
			};
			buildConfigurationList = 48B3CDC91C17EDEF00B28EEC /* Build configuration list for PBXProject "shujuku" */;
			compatibilityVersion = "Xcode 3.2";
			developmentRegion = English;
			hasScannedForEncodings = 0;
			knownRegions = (
				en,
				Base,
			);
			mainGroup = 48B3CDC51C17EDEF00B28EEC;
			productRefGroup = 48B3CDCF1C17EDEF00B28EEC /* Products */;
			projectDirPath = "";
			projectRoot = "";
			targets = (
				48B3CDCD1C17EDEF00B28EEC /* shujuku */,
				48B3CDE61C17EDF000B28EEC /* shujukuTests */,
			);
		};
/* End PBXProject section */

/* Begin PBXResourcesBuildPhase section */
		48B3CDCC1C17EDEF00B28EEC /* Resources */ = {
			isa = PBXResourcesBuildPhase;
			buildActionMask = 2147483647;
			files = (
				48B3CDDD1C17EDF000B28EEC /* Main.storyboard in Resources */,
				48B3CDE21C17EDF000B28EEC /* LaunchScreen.xib in Resources */,
				48B3CDDF1C17EDF000B28EEC /* Images.xcassets in Resources */,
			);
			runOnlyForDeploymentPostprocessing = 0;
		};
		48B3CDE51C17EDF000B28EEC /* Resources */ = {
			isa = PBXResourcesBuildPhase;
			buildActionMask = 2147483647;
			files = (
			);
			runOnlyForDeploymentPostprocessing = 0;
		};
/* End PBXResourcesBuildPhase section */

/* Begin PBXSourcesBuildPhase section */
		48B3CDCA1C17EDEF00B28EEC /* Sources */ = {
			isa = PBXSourcesBuildPhase;
			buildActionMask = 2147483647;
			files = (
				48B3CDDA1C17EDEF00B28EEC /* ViewController.m in Sources */,
				48B3CDD71C17EDEF00B28EEC /* AppDelegate.m in Sources */,
				48B3CDD41C17EDEF00B28EEC /* main.m in Sources */,
			);
			runOnlyForDeploymentPostprocessing = 0;
		};
		48B3CDE31C17EDF000B28EEC /* Sources */ = {
			isa = PBXSourcesBuildPhase;
			buildActionMask = 2147483647;
			files = (
				48B3CDEE1C17EDF000B28EEC /* shujukuTests.m in Sources */,
			);
			runOnlyForDeploymentPostprocessing = 0;
		};
/* End PBXSourcesBuildPhase section */

/* Begin PBXTargetDependency section */
		48B3CDE91C17EDF000B28EEC /* PBXTargetDependency */ = {
			isa = PBXTargetDependency;
			target = 48B3CDCD1C17EDEF00B28EEC /* shujuku */;
			targetProxy = 48B3CDE81C17EDF000B28EEC /* PBXContainerItemProxy */;
		};
/* End PBXTargetDependency section */

/* Begin PBXVariantGroup section */
		48B3CDDB1C17EDF000B28EEC /* Main.storyboard */ = {
			isa = PBXVariantGroup;
			children = (
				48B3CDDC1C17EDF000B28EEC /* Base */,
			);
			name = Main.storyboard;
			sourceTree = "<group>";
		};
		48B3CDE01C17EDF000B28EEC /* LaunchScreen.xib */ = {
			isa = PBXVariantGroup;
			children = (
				48B3CDE11C17EDF000B28EEC /* Base */,
			);
			name = LaunchScreen.xib;
			sourceTree = "<group>";
		};
/* End PBXVariantGroup section */

/* Begin XCBuildConfiguration section */
		48B3CDEF1C17EDF000B28EEC /* Debug */ = {
			isa = XCBuildConfiguration;
			buildSettings = {
				ALWAYS_SEARCH_USER_PATHS = NO;
				CLANG_CXX_LANGUAGE_STANDARD = "gnu++0x";
				CLANG_CXX_LIBRARY = "libc++";
				CLANG_ENABLE_MODULES = YES;
				CLANG_ENABLE_OBJC_ARC = YES;
				CLANG_WARN_BOOL_CONVERSION = YES;
				CLANG_WARN_CONSTANT_CONVERSION = YES;
				CLANG_WARN_DIRECT_OBJC_ISA_USAGE = YES_ERROR;
				CLANG_WARN_EMPTY_BODY = YES;
				CLANG_WARN_ENUM_CONVERSION = YES;
				CLANG_WARN_INT_CONVERSION = YES;
				CLANG_WARN_OBJC_ROOT_CLASS = YES_ERROR;
				CLANG_WARN_UNREACHABLE_CODE = YES;
				CLANG_WARN__DUPLICATE_METHOD_MATCH = YES;
				"CODE_SIGN_IDENTITY[sdk=iphoneos*]" = "iPhone Developer";
				COPY_PHASE_STRIP = NO;
				DEBUG_INFORMATION_FORMAT = "dwarf-with-dsym";
				ENABLE_STRICT_OBJC_MSGSEND = YES;
				GCC_C_LANGUAGE_STANDARD = gnu99;
				GCC_DYNAMIC_NO_PIC = NO;
				GCC_NO_COMMON_BLOCKS = YES;
				GCC_OPTIMIZATION_LEVEL = 0;
				GCC_PREPROCESSOR_DEFINITIONS = (
					"DEBUG=1",
					"$(inherited)",
				);
				GCC_SYMBOLS_PRIVATE_EXTERN = NO;
				GCC_WARN_64_TO_32_BIT_CONVERSION = YES;
				GCC_WARN_ABOUT_RETURN_TYPE = YES_ERROR;
				GCC_WARN_UNDECLARED_SELECTOR = YES;
				GCC_WARN_UNINITIALIZED_AUTOS = YES_AGGRESSIVE;
				GCC_WARN_UNUSED_FUNCTION = YES;
				GCC_WARN_UNUSED_VARIABLE = YES;
				IPHONEOS_DEPLOYMENT_TARGET = 8.4;
				MTL_ENABLE_DEBUG_INFO = YES;
				ONLY_ACTIVE_ARCH = YES;
				SDKROOT = iphoneos;
			};
			name = Debug;
		};
		48B3CDF01C17EDF000B28EEC /* Release */ = {
			isa = XCBuildConfiguration;
			buildSettings = {
				ALWAYS_SEARCH_USER_PATHS = NO;
				CLANG_CXX_LANGUAGE_STANDARD = "gnu++0x";
				CLANG_CXX_LIBRARY = "libc++";
				CLANG_ENABLE_MODULES = YES;
				CLANG_ENABLE_OBJC_ARC = YES;
				CLANG_WARN_BOOL_CONVERSION = YES;
				CLANG_WARN_CONSTANT_CONVERSION = YES;
				CLANG_WARN_DIRECT_OBJC_ISA_USAGE = YES_ERROR;
				CLANG_WARN_EMPTY_BODY = YES;
				CLANG_WARN_ENUM_CONVERSION = YES;
				CLANG_WARN_INT_CONVERSION = YES;
				CLANG_WARN_OBJC_ROOT_CLASS = YES_ERROR;
				CLANG_WARN_UNREACHABLE_CODE = YES;
				CLANG_WARN__DUPLICATE_METHOD_MATCH = YES;
				"CODE_SIGN_IDENTITY[sdk=iphoneos*]" = "iPhone Developer";
				COPY_PHASE_STRIP = NO;
				DEBUG_INFORMATION_FORMAT = "dwarf-with-dsym";
				ENABLE_NS_ASSERTIONS = NO;
				ENABLE_STRICT_OBJC_MSGSEND = YES;
				GCC_C_LANGUAGE_STANDARD = gnu99;
				GCC_NO_COMMON_BLOCKS = YES;
				GCC_WARN_64_TO_32_BIT_CONVERSION = YES;
				GCC_WARN_ABOUT_RETURN_TYPE = YES_ERROR;
				GCC_WARN_UNDECLARED_SELECTOR = YES;
				GCC_WARN_UNINITIALIZED_AUTOS = YES_AGGRESSIVE;
				GCC_WARN_UNUSED_FUNCTION = YES;
				GCC_WARN_UNUSED_VARIABLE = YES;
				IPHONEOS_DEPLOYMENT_TARGET = 8.4;
				MTL_ENABLE_DEBUG_INFO = NO;
				SDKROOT = iphoneos;
				VALIDATE_PRODUCT = YES;
			};
			name = Release;
		};
		48B3CDF21C17EDF000B28EEC /* Debug */ = {
			isa = XCBuildConfiguration;
			buildSettings = {
				ASSETCATALOG_COMPILER_APPICON_NAME = AppIcon;
				INFOPLIST_FILE = shujuku/Info.plist;
				LD_RUNPATH_SEARCH_PATHS = "$(inherited) @executable_path/Frameworks";
				PRODUCT_NAME = "$(TARGET_NAME)";
			};
			name = Debug;
		};
		48B3CDF31C17EDF000B28EEC /* Release */ = {
			isa = XCBuildConfiguration;
			buildSettings = {
				ASSETCATALOG_COMPILER_APPICON_NAME = AppIcon;
				INFOPLIST_FILE = shujuku/Info.plist;
				LD_RUNPATH_SEARCH_PATHS = "$(inherited) @executable_path/Frameworks";
				PRODUCT_NAME = "$(TARGET_NAME)";
			};
			name = Release;
		};
		48B3CDF51C17EDF000B28EEC /* Debug */ = {
			isa = XCBuildConfiguration;
			buildSettings = {
				BUNDLE_LOADER = "$(TEST_HOST)";
				FRAMEWORK_SEARCH_PATHS = (
					"$(SDKROOT)/Developer/Library/Frameworks",
					"$(inherited)",
				);
				GCC_PREPROCESSOR_DEFINITIONS = (
					"DEBUG=1",
					"$(inherited)",
				);
				INFOPLIST_FILE = shujukuTests/Info.plist;
				LD_RUNPATH_SEARCH_PATHS = "$(inherited) @executable_path/Frameworks @loader_path/Frameworks";
				PRODUCT_NAME = "$(TARGET_NAME)";
				TEST_HOST = "$(BUILT_PRODUCTS_DIR)/shujuku.app/shujuku";
			};
			name = Debug;
		};
		48B3CDF61C17EDF000B28EEC /* Release */ = {
			isa = XCBuildConfiguration;
			buildSettings = {
				BUNDLE_LOADER = "$(TEST_HOST)";
				FRAMEWORK_SEARCH_PATHS = (
					"$(SDKROOT)/Developer/Library/Frameworks",
					"$(inherited)",
				);
				INFOPLIST_FILE = shujukuTests/Info.plist;
				LD_RUNPATH_SEARCH_PATHS = "$(inherited) @executable_path/Frameworks @loader_path/Frameworks";
				PRODUCT_NAME = "$(TARGET_NAME)";
				TEST_HOST = "$(BUILT_PRODUCTS_DIR)/shujuku.app/shujuku";
			};
			name = Release;
		};
/* End XCBuildConfiguration section */

/* Begin XCConfigurationList section */
		48B3CDC91C17EDEF00B28EEC /* Build configuration list for PBXProject "shujuku" */ = {
			isa = XCConfigurationList;
			buildConfigurations = (
				48B3CDEF1C17EDF000B28EEC /* Debug */,
				48B3CDF01C17EDF000B28EEC /* Release */,
			);
			defaultConfigurationIsVisible = 0;
			defaultConfigurationName = Release;
		};
		48B3CDF11C17EDF000B28EEC /* Build configuration list for PBXNativeTarget "shujuku" */ = {
			isa = XCConfigurationList;
			buildConfigurations = (
				48B3CDF21C17EDF000B28EEC /* Debug */,
				48B3CDF31C17EDF000B28EEC /* Release */,
			);
			defaultConfigurationIsVisible = 0;
		};
		48B3CDF41C17EDF000B28EEC /* Build configuration list for PBXNativeTarget "shujukuTests" */ = {
			isa = XCConfigurationList;
			buildConfigurations = (
				48B3CDF51C17EDF000B28EEC /* Debug */,
				48B3CDF61C17EDF000B28EEC /* Release */,
			);
			defaultConfigurationIsVisible = 0;
		};
/* End XCConfigurationList section */
	};
	rootObject = 48B3CDC61C17EDEF00B28EEC /* Project object */;
}
