// !$*UTF8*$!
{
	archiveVersion = 1;
	classes = {
	};
	objectVersion = 46;
	objects = {

/* Begin PBXBuildFile section */
		48122E591C324D0A008EC13F /* main.m in Sources */ = {isa = PBXBuildFile; fileRef = 48122E581C324D0A008EC13F /* main.m */; };
		48122E5C1C324D0A008EC13F /* AppDelegate.m in Sources */ = {isa = PBXBuildFile; fileRef = 48122E5B1C324D0A008EC13F /* AppDelegate.m */; };
		48122E5F1C324D0A008EC13F /* ViewController.m in Sources */ = {isa = PBXBuildFile; fileRef = 48122E5E1C324D0A008EC13F /* ViewController.m */; };
		48122E621C324D0A008EC13F /* Main.storyboard in Resources */ = {isa = PBXBuildFile; fileRef = 48122E601C324D0A008EC13F /* Main.storyboard */; };
		48122E641C324D0A008EC13F /* Assets.xcassets in Resources */ = {isa = PBXBuildFile; fileRef = 48122E631C324D0A008EC13F /* Assets.xcassets */; };
		48122E721C324D0A008EC13F /* post___Tests.m in Sources */ = {isa = PBXBuildFile; fileRef = 48122E711C324D0A008EC13F /* post___Tests.m */; };
		48122E7D1C324D0A008EC13F /* post___UITests.m in Sources */ = {isa = PBXBuildFile; fileRef = 48122E7C1C324D0A008EC13F /* post___UITests.m */; };
		4852A7501C8DC50B00113DA6 /* libsqlite3.dylib in Frameworks */ = {isa = PBXBuildFile; fileRef = 4852A74F1C8DC50B00113DA6 /* libsqlite3.dylib */; };
		4852A7521C8DC52800113DA6 /* db.sqlite in Resources */ = {isa = PBXBuildFile; fileRef = 4852A7511C8DC52800113DA6 /* db.sqlite */; };
/* End PBXBuildFile section */

/* Begin PBXContainerItemProxy section */
		48122E6E1C324D0A008EC13F /* PBXContainerItemProxy */ = {
			isa = PBXContainerItemProxy;
			containerPortal = 48122E4C1C324D0A008EC13F /* Project object */;
			proxyType = 1;
			remoteGlobalIDString = 48122E531C324D0A008EC13F;
			remoteInfo = "post传参数";
		};
		48122E791C324D0A008EC13F /* PBXContainerItemProxy */ = {
			isa = PBXContainerItemProxy;
			containerPortal = 48122E4C1C324D0A008EC13F /* Project object */;
			proxyType = 1;
			remoteGlobalIDString = 48122E531C324D0A008EC13F;
			remoteInfo = "post传参数";
		};
/* End PBXContainerItemProxy section */

/* Begin PBXFileReference section */
		48122E541C324D0A008EC13F /* post传参数.app */ = {isa = PBXFileReference; explicitFileType = wrapper.application; includeInIndex = 0; path = "post传参数.app"; sourceTree = BUILT_PRODUCTS_DIR; };
		48122E581C324D0A008EC13F /* main.m */ = {isa = PBXFileReference; lastKnownFileType = sourcecode.c.objc; path = main.m; sourceTree = "<group>"; };
		48122E5A1C324D0A008EC13F /* AppDelegate.h */ = {isa = PBXFileReference; lastKnownFileType = sourcecode.c.h; path = AppDelegate.h; sourceTree = "<group>"; };
		48122E5B1C324D0A008EC13F /* AppDelegate.m */ = {isa = PBXFileReference; lastKnownFileType = sourcecode.c.objc; path = AppDelegate.m; sourceTree = "<group>"; };
		48122E5D1C324D0A008EC13F /* ViewController.h */ = {isa = PBXFileReference; lastKnownFileType = sourcecode.c.h; path = ViewController.h; sourceTree = "<group>"; };
		48122E5E1C324D0A008EC13F /* ViewController.m */ = {isa = PBXFileReference; lastKnownFileType = sourcecode.c.objc; path = ViewController.m; sourceTree = "<group>"; };
		48122E611C324D0A008EC13F /* Base */ = {isa = PBXFileReference; lastKnownFileType = file.storyboard; name = Base; path = Base.lproj/Main.storyboard; sourceTree = "<group>"; };
		48122E631C324D0A008EC13F /* Assets.xcassets */ = {isa = PBXFileReference; lastKnownFileType = folder.assetcatalog; path = Assets.xcassets; sourceTree = "<group>"; };
		48122E681C324D0A008EC13F /* Info.plist */ = {isa = PBXFileReference; lastKnownFileType = text.plist.xml; path = Info.plist; sourceTree = "<group>"; };
		48122E6D1C324D0A008EC13F /* post传参数Tests.xctest */ = {isa = PBXFileReference; explicitFileType = wrapper.cfbundle; includeInIndex = 0; path = "post传参数Tests.xctest"; sourceTree = BUILT_PRODUCTS_DIR; };
		48122E711C324D0A008EC13F /* post___Tests.m */ = {isa = PBXFileReference; lastKnownFileType = sourcecode.c.objc; path = "post___Tests.m"; sourceTree = "<group>"; };
		48122E731C324D0A008EC13F /* Info.plist */ = {isa = PBXFileReference; lastKnownFileType = text.plist.xml; path = Info.plist; sourceTree = "<group>"; };
		48122E781C324D0A008EC13F /* post传参数UITests.xctest */ = {isa = PBXFileReference; explicitFileType = wrapper.cfbundle; includeInIndex = 0; path = "post传参数UITests.xctest"; sourceTree = BUILT_PRODUCTS_DIR; };
		48122E7C1C324D0A008EC13F /* post___UITests.m */ = {isa = PBXFileReference; lastKnownFileType = sourcecode.c.objc; path = "post___UITests.m"; sourceTree = "<group>"; };
		48122E7E1C324D0A008EC13F /* Info.plist */ = {isa = PBXFileReference; lastKnownFileType = text.plist.xml; path = Info.plist; sourceTree = "<group>"; };
		4852A74F1C8DC50B00113DA6 /* libsqlite3.dylib */ = {isa = PBXFileReference; lastKnownFileType = "compiled.mach-o.dylib"; name = libsqlite3.dylib; path = usr/lib/libsqlite3.dylib; sourceTree = SDKROOT; };
		4852A7511C8DC52800113DA6 /* db.sqlite */ = {isa = PBXFileReference; lastKnownFileType = file; name = db.sqlite; path = ../../db.sqlite; sourceTree = "<group>"; };
/* End PBXFileReference section */

/* Begin PBXFrameworksBuildPhase section */
		48122E511C324D0A008EC13F /* Frameworks */ = {
			isa = PBXFrameworksBuildPhase;
			buildActionMask = 2147483647;
			files = (
				4852A7501C8DC50B00113DA6 /* libsqlite3.dylib in Frameworks */,
			);
			runOnlyForDeploymentPostprocessing = 0;
		};
		48122E6A1C324D0A008EC13F /* Frameworks */ = {
			isa = PBXFrameworksBuildPhase;
			buildActionMask = 2147483647;
			files = (
			);
			runOnlyForDeploymentPostprocessing = 0;
		};
		48122E751C324D0A008EC13F /* Frameworks */ = {
			isa = PBXFrameworksBuildPhase;
			buildActionMask = 2147483647;
			files = (
			);
			runOnlyForDeploymentPostprocessing = 0;
		};
/* End PBXFrameworksBuildPhase section */

/* Begin PBXGroup section */
		48122E4B1C324D0A008EC13F = {
			isa = PBXGroup;
			children = (
				4852A74F1C8DC50B00113DA6 /* libsqlite3.dylib */,
				48122E561C324D0A008EC13F /* post传参数 */,
				48122E701C324D0A008EC13F /* post传参数Tests */,
				48122E7B1C324D0A008EC13F /* post传参数UITests */,
				48122E551C324D0A008EC13F /* Products */,
			);
			sourceTree = "<group>";
		};
		48122E551C324D0A008EC13F /* Products */ = {
			isa = PBXGroup;
			children = (
				48122E541C324D0A008EC13F /* post传参数.app */,
				48122E6D1C324D0A008EC13F /* post传参数Tests.xctest */,
				48122E781C324D0A008EC13F /* post传参数UITests.xctest */,
			);
			name = Products;
			sourceTree = "<group>";
		};
		48122E561C324D0A008EC13F /* post传参数 */ = {
			isa = PBXGroup;
			children = (
				48122E5A1C324D0A008EC13F /* AppDelegate.h */,
				48122E5B1C324D0A008EC13F /* AppDelegate.m */,
				48122E5D1C324D0A008EC13F /* ViewController.h */,
				48122E5E1C324D0A008EC13F /* ViewController.m */,
				48122E601C324D0A008EC13F /* Main.storyboard */,
				48122E631C324D0A008EC13F /* Assets.xcassets */,
				48122E681C324D0A008EC13F /* Info.plist */,
				48122E571C324D0A008EC13F /* Supporting Files */,
			);
			path = "post传参数";
			sourceTree = "<group>";
		};
		48122E571C324D0A008EC13F /* Supporting Files */ = {
			isa = PBXGroup;
			children = (
				4852A7511C8DC52800113DA6 /* db.sqlite */,
				48122E581C324D0A008EC13F /* main.m */,
			);
			name = "Supporting Files";
			sourceTree = "<group>";
		};
		48122E701C324D0A008EC13F /* post传参数Tests */ = {
			isa = PBXGroup;
			children = (
				48122E711C324D0A008EC13F /* post___Tests.m */,
				48122E731C324D0A008EC13F /* Info.plist */,
			);
			path = "post传参数Tests";
			sourceTree = "<group>";
		};
		48122E7B1C324D0A008EC13F /* post传参数UITests */ = {
			isa = PBXGroup;
			children = (
				48122E7C1C324D0A008EC13F /* post___UITests.m */,
				48122E7E1C324D0A008EC13F /* Info.plist */,
			);
			path = "post传参数UITests";
			sourceTree = "<group>";
		};
/* End PBXGroup section */

/* Begin PBXNativeTarget section */
		48122E531C324D0A008EC13F /* post传参数 */ = {
			isa = PBXNativeTarget;
			buildConfigurationList = 48122E811C324D0A008EC13F /* Build configuration list for PBXNativeTarget "post传参数" */;
			buildPhases = (
				48122E501C324D0A008EC13F /* Sources */,
				48122E511C324D0A008EC13F /* Frameworks */,
				48122E521C324D0A008EC13F /* Resources */,
			);
			buildRules = (
			);
			dependencies = (
			);
			name = "post传参数";
			productName = "post传参数";
			productReference = 48122E541C324D0A008EC13F /* post传参数.app */;
			productType = "com.apple.product-type.application";
		};
		48122E6C1C324D0A008EC13F /* post传参数Tests */ = {
			isa = PBXNativeTarget;
			buildConfigurationList = 48122E841C324D0A008EC13F /* Build configuration list for PBXNativeTarget "post传参数Tests" */;
			buildPhases = (
				48122E691C324D0A008EC13F /* Sources */,
				48122E6A1C324D0A008EC13F /* Frameworks */,
				48122E6B1C324D0A008EC13F /* Resources */,
			);
			buildRules = (
			);
			dependencies = (
				48122E6F1C324D0A008EC13F /* PBXTargetDependency */,
			);
			name = "post传参数Tests";
			productName = "post传参数Tests";
			productReference = 48122E6D1C324D0A008EC13F /* post传参数Tests.xctest */;
			productType = "com.apple.product-type.bundle.unit-test";
		};
		48122E771C324D0A008EC13F /* post传参数UITests */ = {
			isa = PBXNativeTarget;
			buildConfigurationList = 48122E871C324D0A008EC13F /* Build configuration list for PBXNativeTarget "post传参数UITests" */;
			buildPhases = (
				48122E741C324D0A008EC13F /* Sources */,
				48122E751C324D0A008EC13F /* Frameworks */,
				48122E761C324D0A008EC13F /* Resources */,
			);
			buildRules = (
			);
			dependencies = (
				48122E7A1C324D0A008EC13F /* PBXTargetDependency */,
			);
			name = "post传参数UITests";
			productName = "post传参数UITests";
			productReference = 48122E781C324D0A008EC13F /* post传参数UITests.xctest */;
			productType = "com.apple.product-type.bundle.ui-testing";
		};
/* End PBXNativeTarget section */

/* Begin PBXProject section */
		48122E4C1C324D0A008EC13F /* Project object */ = {
			isa = PBXProject;
			attributes = {
				LastUpgradeCheck = 0700;
				ORGANIZATIONNAME = zhanglf;
				TargetAttributes = {
					48122E531C324D0A008EC13F = {
						CreatedOnToolsVersion = 7.0;
						DevelopmentTeam = QZ935S94LS;
					};
					48122E6C1C324D0A008EC13F = {
						CreatedOnToolsVersion = 7.0;
						DevelopmentTeam = QZ935S94LS;
						TestTargetID = 48122E531C324D0A008EC13F;
					};
					48122E771C324D0A008EC13F = {
						CreatedOnToolsVersion = 7.0;
						DevelopmentTeam = QZ935S94LS;
						TestTargetID = 48122E531C324D0A008EC13F;
					};
				};
			};
			buildConfigurationList = 48122E4F1C324D0A008EC13F /* Build configuration list for PBXProject "post传参数" */;
			compatibilityVersion = "Xcode 3.2";
			developmentRegion = English;
			hasScannedForEncodings = 0;
			knownRegions = (
				en,
				Base,
			);
			mainGroup = 48122E4B1C324D0A008EC13F;
			productRefGroup = 48122E551C324D0A008EC13F /* Products */;
			projectDirPath = "";
			projectRoot = "";
			targets = (
				48122E531C324D0A008EC13F /* post传参数 */,
				48122E6C1C324D0A008EC13F /* post传参数Tests */,
				48122E771C324D0A008EC13F /* post传参数UITests */,
			);
		};
/* End PBXProject section */

/* Begin PBXResourcesBuildPhase section */
		48122E521C324D0A008EC13F /* Resources */ = {
			isa = PBXResourcesBuildPhase;
			buildActionMask = 2147483647;
			files = (
				48122E641C324D0A008EC13F /* Assets.xcassets in Resources */,
				48122E621C324D0A008EC13F /* Main.storyboard in Resources */,
				4852A7521C8DC52800113DA6 /* db.sqlite in Resources */,
			);
			runOnlyForDeploymentPostprocessing = 0;
		};
		48122E6B1C324D0A008EC13F /* Resources */ = {
			isa = PBXResourcesBuildPhase;
			buildActionMask = 2147483647;
			files = (
			);
			runOnlyForDeploymentPostprocessing = 0;
		};
		48122E761C324D0A008EC13F /* Resources */ = {
			isa = PBXResourcesBuildPhase;
			buildActionMask = 2147483647;
			files = (
			);
			runOnlyForDeploymentPostprocessing = 0;
		};
/* End PBXResourcesBuildPhase section */

/* Begin PBXSourcesBuildPhase section */
		48122E501C324D0A008EC13F /* Sources */ = {
			isa = PBXSourcesBuildPhase;
			buildActionMask = 2147483647;
			files = (
				48122E5F1C324D0A008EC13F /* ViewController.m in Sources */,
				48122E5C1C324D0A008EC13F /* AppDelegate.m in Sources */,
				48122E591C324D0A008EC13F /* main.m in Sources */,
			);
			runOnlyForDeploymentPostprocessing = 0;
		};
		48122E691C324D0A008EC13F /* Sources */ = {
			isa = PBXSourcesBuildPhase;
			buildActionMask = 2147483647;
			files = (
				48122E721C324D0A008EC13F /* post___Tests.m in Sources */,
			);
			runOnlyForDeploymentPostprocessing = 0;
		};
		48122E741C324D0A008EC13F /* Sources */ = {
			isa = PBXSourcesBuildPhase;
			buildActionMask = 2147483647;
			files = (
				48122E7D1C324D0A008EC13F /* post___UITests.m in Sources */,
			);
			runOnlyForDeploymentPostprocessing = 0;
		};
/* End PBXSourcesBuildPhase section */

/* Begin PBXTargetDependency section */
		48122E6F1C324D0A008EC13F /* PBXTargetDependency */ = {
			isa = PBXTargetDependency;
			target = 48122E531C324D0A008EC13F /* post传参数 */;
			targetProxy = 48122E6E1C324D0A008EC13F /* PBXContainerItemProxy */;
		};
		48122E7A1C324D0A008EC13F /* PBXTargetDependency */ = {
			isa = PBXTargetDependency;
			target = 48122E531C324D0A008EC13F /* post传参数 */;
			targetProxy = 48122E791C324D0A008EC13F /* PBXContainerItemProxy */;
		};
/* End PBXTargetDependency section */

/* Begin PBXVariantGroup section */
		48122E601C324D0A008EC13F /* Main.storyboard */ = {
			isa = PBXVariantGroup;
			children = (
				48122E611C324D0A008EC13F /* Base */,
			);
			name = Main.storyboard;
			sourceTree = "<group>";
		};
/* End PBXVariantGroup section */

/* Begin XCBuildConfiguration section */
		48122E7F1C324D0A008EC13F /* Debug */ = {
			isa = XCBuildConfiguration;
			buildSettings = {
				ALWAYS_SEARCH_USER_PATHS = NO;
				CLANG_CXX_LANGUAGE_STANDARD = "gnu++0x";
				CLANG_CXX_LIBRARY = "libc++";
				CLANG_ENABLE_MODULES = YES;
				CLANG_ENABLE_OBJC_ARC = YES;
				CLANG_WARN_BOOL_CONVERSION = YES;
				CLANG_WARN_CONSTANT_CONVERSION = YES;
				CLANG_WARN_DIRECT_OBJC_ISA_USAGE = YES_ERROR;
				CLANG_WARN_EMPTY_BODY = YES;
				CLANG_WARN_ENUM_CONVERSION = YES;
				CLANG_WARN_INT_CONVERSION = YES;
				CLANG_WARN_OBJC_ROOT_CLASS = YES_ERROR;
				CLANG_WARN_UNREACHABLE_CODE = YES;
				CLANG_WARN__DUPLICATE_METHOD_MATCH = YES;
				"CODE_SIGN_IDENTITY[sdk=iphoneos*]" = "iPhone Developer";
				COPY_PHASE_STRIP = NO;
				DEBUG_INFORMATION_FORMAT = dwarf;
				ENABLE_STRICT_OBJC_MSGSEND = YES;
				ENABLE_TESTABILITY = YES;
				GCC_C_LANGUAGE_STANDARD = gnu99;
				GCC_DYNAMIC_NO_PIC = NO;
				GCC_NO_COMMON_BLOCKS = YES;
				GCC_OPTIMIZATION_LEVEL = 0;
				GCC_PREPROCESSOR_DEFINITIONS = (
					"DEBUG=1",
					"$(inherited)",
				);
				GCC_WARN_64_TO_32_BIT_CONVERSION = YES;
				GCC_WARN_ABOUT_RETURN_TYPE = YES_ERROR;
				GCC_WARN_UNDECLARED_SELECTOR = YES;
				GCC_WARN_UNINITIALIZED_AUTOS = YES_AGGRESSIVE;
				GCC_WARN_UNUSED_FUNCTION = YES;
				GCC_WARN_UNUSED_VARIABLE = YES;
				IPHONEOS_DEPLOYMENT_TARGET = 9.0;
				MTL_ENABLE_DEBUG_INFO = YES;
				ONLY_ACTIVE_ARCH = YES;
				SDKROOT = iphoneos;
			};
			name = Debug;
		};
		48122E801C324D0A008EC13F /* Release */ = {
			isa = XCBuildConfiguration;
			buildSettings = {
				ALWAYS_SEARCH_USER_PATHS = NO;
				CLANG_CXX_LANGUAGE_STANDARD = "gnu++0x";
				CLANG_CXX_LIBRARY = "libc++";
				CLANG_ENABLE_MODULES = YES;
				CLANG_ENABLE_OBJC_ARC = YES;
				CLANG_WARN_BOOL_CONVERSION = YES;
				CLANG_WARN_CONSTANT_CONVERSION = YES;
				CLANG_WARN_DIRECT_OBJC_ISA_USAGE = YES_ERROR;
				CLANG_WARN_EMPTY_BODY = YES;
				CLANG_WARN_ENUM_CONVERSION = YES;
				CLANG_WARN_INT_CONVERSION = YES;
				CLANG_WARN_OBJC_ROOT_CLASS = YES_ERROR;
				CLANG_WARN_UNREACHABLE_CODE = YES;
				CLANG_WARN__DUPLICATE_METHOD_MATCH = YES;
				"CODE_SIGN_IDENTITY[sdk=iphoneos*]" = "iPhone Developer";
				COPY_PHASE_STRIP = NO;
				DEBUG_INFORMATION_FORMAT = "dwarf-with-dsym";
				ENABLE_NS_ASSERTIONS = NO;
				ENABLE_STRICT_OBJC_MSGSEND = YES;
				GCC_C_LANGUAGE_STANDARD = gnu99;
				GCC_NO_COMMON_BLOCKS = YES;
				GCC_WARN_64_TO_32_BIT_CONVERSION = YES;
				GCC_WARN_ABOUT_RETURN_TYPE = YES_ERROR;
				GCC_WARN_UNDECLARED_SELECTOR = YES;
				GCC_WARN_UNINITIALIZED_AUTOS = YES_AGGRESSIVE;
				GCC_WARN_UNUSED_FUNCTION = YES;
				GCC_WARN_UNUSED_VARIABLE = YES;
				IPHONEOS_DEPLOYMENT_TARGET = 9.0;
				MTL_ENABLE_DEBUG_INFO = NO;
				SDKROOT = iphoneos;
				VALIDATE_PRODUCT = YES;
			};
			name = Release;
		};
		48122E821C324D0A008EC13F /* Debug */ = {
			isa = XCBuildConfiguration;
			buildSettings = {
				ASSETCATALOG_COMPILER_APPICON_NAME = AppIcon;
				CODE_SIGN_IDENTITY = "iPhone Developer";
				INFOPLIST_FILE = "post传参数/Info.plist";
				IPHONEOS_DEPLOYMENT_TARGET = 9.0;
				LD_RUNPATH_SEARCH_PATHS = "$(inherited) @executable_path/Frameworks";
				PRODUCT_BUNDLE_IDENTIFIER = "com.zhanglf.post---";
				PRODUCT_NAME = "$(TARGET_NAME)";
			};
			name = Debug;
		};
		48122E831C324D0A008EC13F /* Release */ = {
			isa = XCBuildConfiguration;
			buildSettings = {
				ASSETCATALOG_COMPILER_APPICON_NAME = AppIcon;
				CODE_SIGN_IDENTITY = "iPhone Developer";
				INFOPLIST_FILE = "post传参数/Info.plist";
				IPHONEOS_DEPLOYMENT_TARGET = 9.0;
				LD_RUNPATH_SEARCH_PATHS = "$(inherited) @executable_path/Frameworks";
				PRODUCT_BUNDLE_IDENTIFIER = "com.zhanglf.post---";
				PRODUCT_NAME = "$(TARGET_NAME)";
			};
			name = Release;
		};
		48122E851C324D0A008EC13F /* Debug */ = {
			isa = XCBuildConfiguration;
			buildSettings = {
				BUNDLE_LOADER = "$(TEST_HOST)";
				INFOPLIST_FILE = "post传参数Tests/Info.plist";
				LD_RUNPATH_SEARCH_PATHS = "$(inherited) @executable_path/Frameworks @loader_path/Frameworks";
				PRODUCT_BUNDLE_IDENTIFIER = "com.zhanglf.post---Tests";
				PRODUCT_NAME = "$(TARGET_NAME)";
				TEST_HOST = "$(BUILT_PRODUCTS_DIR)/post传参数.app/post传参数";
			};
			name = Debug;
		};
		48122E861C324D0A008EC13F /* Release */ = {
			isa = XCBuildConfiguration;
			buildSettings = {
				BUNDLE_LOADER = "$(TEST_HOST)";
				INFOPLIST_FILE = "post传参数Tests/Info.plist";
				LD_RUNPATH_SEARCH_PATHS = "$(inherited) @executable_path/Frameworks @loader_path/Frameworks";
				PRODUCT_BUNDLE_IDENTIFIER = "com.zhanglf.post---Tests";
				PRODUCT_NAME = "$(TARGET_NAME)";
				TEST_HOST = "$(BUILT_PRODUCTS_DIR)/post传参数.app/post传参数";
			};
			name = Release;
		};
		48122E881C324D0A008EC13F /* Debug */ = {
			isa = XCBuildConfiguration;
			buildSettings = {
				INFOPLIST_FILE = "post传参数UITests/Info.plist";
				LD_RUNPATH_SEARCH_PATHS = "$(inherited) @executable_path/Frameworks @loader_path/Frameworks";
				PRODUCT_BUNDLE_IDENTIFIER = "com.zhanglf.post---UITests";
				PRODUCT_NAME = "$(TARGET_NAME)";
				TEST_TARGET_NAME = "post传参数";
				USES_XCTRUNNER = YES;
			};
			name = Debug;
		};
		48122E891C324D0A008EC13F /* Release */ = {
			isa = XCBuildConfiguration;
			buildSettings = {
				INFOPLIST_FILE = "post传参数UITests/Info.plist";
				LD_RUNPATH_SEARCH_PATHS = "$(inherited) @executable_path/Frameworks @loader_path/Frameworks";
				PRODUCT_BUNDLE_IDENTIFIER = "com.zhanglf.post---UITests";
				PRODUCT_NAME = "$(TARGET_NAME)";
				TEST_TARGET_NAME = "post传参数";
				USES_XCTRUNNER = YES;
			};
			name = Release;
		};
/* End XCBuildConfiguration section */

/* Begin XCConfigurationList section */
		48122E4F1C324D0A008EC13F /* Build configuration list for PBXProject "post传参数" */ = {
			isa = XCConfigurationList;
			buildConfigurations = (
				48122E7F1C324D0A008EC13F /* Debug */,
				48122E801C324D0A008EC13F /* Release */,
			);
			defaultConfigurationIsVisible = 0;
			defaultConfigurationName = Release;
		};
		48122E811C324D0A008EC13F /* Build configuration list for PBXNativeTarget "post传参数" */ = {
			isa = XCConfigurationList;
			buildConfigurations = (
				48122E821C324D0A008EC13F /* Debug */,
				48122E831C324D0A008EC13F /* Release */,
			);
			defaultConfigurationIsVisible = 0;
			defaultConfigurationName = Release;
		};
		48122E841C324D0A008EC13F /* Build configuration list for PBXNativeTarget "post传参数Tests" */ = {
			isa = XCConfigurationList;
			buildConfigurations = (
				48122E851C324D0A008EC13F /* Debug */,
				48122E861C324D0A008EC13F /* Release */,
			);
			defaultConfigurationIsVisible = 0;
			defaultConfigurationName = Release;
		};
		48122E871C324D0A008EC13F /* Build configuration list for PBXNativeTarget "post传参数UITests" */ = {
			isa = XCConfigurationList;
			buildConfigurations = (
				48122E881C324D0A008EC13F /* Debug */,
				48122E891C324D0A008EC13F /* Release */,
			);
			defaultConfigurationIsVisible = 0;
			defaultConfigurationName = Release;
		};
/* End XCConfigurationList section */
	};
	rootObject = 48122E4C1C324D0A008EC13F /* Project object */;
}
